// !$*UTF8*$!
{
	archiveVersion = 1;
	classes = {
	};
	objectVersion = 50;
	objects = {

/* Begin PBXBuildFile section */
		5721528C303C418919B629D3 /* Pods_ARFrameMetadata.framework in Frameworks */ = {isa = PBXBuildFile; fileRef = 8A9DFA40B96125B132FB339D /* Pods_ARFrameMetadata.framework */; };
		F8266FF020B7067C00A0EB14 /* AppDelegate.swift in Sources */ = {isa = PBXBuildFile; fileRef = F8266FEF20B7067C00A0EB14 /* AppDelegate.swift */; };
		F8266FF220B7067D00A0EB14 /* art.scnassets in Resources */ = {isa = PBXBuildFile; fileRef = F8266FF120B7067D00A0EB14 /* art.scnassets */; };
		F8266FF420B7067D00A0EB14 /* PublisherViewController.swift in Sources */ = {isa = PBXBuildFile; fileRef = F8266FF320B7067D00A0EB14 /* PublisherViewController.swift */; };
		F8266FF720B7067D00A0EB14 /* Main.storyboard in Resources */ = {isa = PBXBuildFile; fileRef = F8266FF520B7067D00A0EB14 /* Main.storyboard */; };
		F8266FF920B7067E00A0EB14 /* Assets.xcassets in Resources */ = {isa = PBXBuildFile; fileRef = F8266FF820B7067E00A0EB14 /* Assets.xcassets */; };
		F8266FFC20B7067E00A0EB14 /* LaunchScreen.storyboard in Resources */ = {isa = PBXBuildFile; fileRef = F8266FFA20B7067E00A0EB14 /* LaunchScreen.storyboard */; };
		F826700620B714E300A0EB14 /* AROpentokVideoCapturer.swift in Sources */ = {isa = PBXBuildFile; fileRef = F826700520B714E300A0EB14 /* AROpentokVideoCapturer.swift */; };
		F854D8F120CFDD250000AB67 /* Data+fromArray.swift in Sources */ = {isa = PBXBuildFile; fileRef = F854D8F020CFDD250000AB67 /* Data+fromArray.swift */; };
		F854D8F320D00E220000AB67 /* ExampleVideoRender.swift in Sources */ = {isa = PBXBuildFile; fileRef = F854D8F220D00E220000AB67 /* ExampleVideoRender.swift */; };
		F854D8F520D00E580000AB67 /* EAGLVideoRenderer.swift in Sources */ = {isa = PBXBuildFile; fileRef = F854D8F420D00E580000AB67 /* EAGLVideoRenderer.swift */; };
		F89AFC4520CFC8260016C510 /* SubscriberViewController.swift in Sources */ = {isa = PBXBuildFile; fileRef = F89AFC4420CFC8260016C510 /* SubscriberViewController.swift */; };
		F89AFC4720CFC8C90016C510 /* OTConstants.swift in Sources */ = {isa = PBXBuildFile; fileRef = F89AFC4620CFC8C90016C510 /* OTConstants.swift */; };
/* End PBXBuildFile section */

/* Begin PBXFileReference section */
		432955DF364CFA36AF061480 /* Pods-ARFrameMetadata.release.xcconfig */ = {isa = PBXFileReference; includeInIndex = 1; lastKnownFileType = text.xcconfig; name = "Pods-ARFrameMetadata.release.xcconfig"; path = "Pods/Target Support Files/Pods-ARFrameMetadata/Pods-ARFrameMetadata.release.xcconfig"; sourceTree = "<group>"; };
		4950D2BF46DB95C0D64715E9 /* Pods-ARFrameMetadata.debug.xcconfig */ = {isa = PBXFileReference; includeInIndex = 1; lastKnownFileType = text.xcconfig; name = "Pods-ARFrameMetadata.debug.xcconfig"; path = "Pods/Target Support Files/Pods-ARFrameMetadata/Pods-ARFrameMetadata.debug.xcconfig"; sourceTree = "<group>"; };
		8A9DFA40B96125B132FB339D /* Pods_ARFrameMetadata.framework */ = {isa = PBXFileReference; explicitFileType = wrapper.framework; includeInIndex = 0; path = Pods_ARFrameMetadata.framework; sourceTree = BUILT_PRODUCTS_DIR; };
		F8266FEC20B7067C00A0EB14 /* ARFrameMetadata.app */ = {isa = PBXFileReference; explicitFileType = wrapper.application; includeInIndex = 0; path = ARFrameMetadata.app; sourceTree = BUILT_PRODUCTS_DIR; };
		F8266FEF20B7067C00A0EB14 /* AppDelegate.swift */ = {isa = PBXFileReference; lastKnownFileType = sourcecode.swift; path = AppDelegate.swift; sourceTree = "<group>"; };
		F8266FF120B7067D00A0EB14 /* art.scnassets */ = {isa = PBXFileReference; lastKnownFileType = wrapper.scnassets; path = art.scnassets; sourceTree = "<group>"; };
		F8266FF320B7067D00A0EB14 /* PublisherViewController.swift */ = {isa = PBXFileReference; lastKnownFileType = sourcecode.swift; path = PublisherViewController.swift; sourceTree = "<group>"; };
		F8266FF620B7067D00A0EB14 /* Base */ = {isa = PBXFileReference; lastKnownFileType = file.storyboard; name = Base; path = Base.lproj/Main.storyboard; sourceTree = "<group>"; };
		F8266FF820B7067E00A0EB14 /* Assets.xcassets */ = {isa = PBXFileReference; lastKnownFileType = folder.assetcatalog; path = Assets.xcassets; sourceTree = "<group>"; };
		F8266FFB20B7067E00A0EB14 /* Base */ = {isa = PBXFileReference; lastKnownFileType = file.storyboard; name = Base; path = Base.lproj/LaunchScreen.storyboard; sourceTree = "<group>"; };
		F8266FFD20B7067E00A0EB14 /* Info.plist */ = {isa = PBXFileReference; lastKnownFileType = text.plist.xml; path = Info.plist; sourceTree = "<group>"; };
		F826700520B714E300A0EB14 /* AROpentokVideoCapturer.swift */ = {isa = PBXFileReference; lastKnownFileType = sourcecode.swift; path = AROpentokVideoCapturer.swift; sourceTree = "<group>"; };
		F854D8F020CFDD250000AB67 /* Data+fromArray.swift */ = {isa = PBXFileReference; lastKnownFileType = sourcecode.swift; path = "Data+fromArray.swift"; sourceTree = "<group>"; };
		F854D8F220D00E220000AB67 /* ExampleVideoRender.swift */ = {isa = PBXFileReference; lastKnownFileType = sourcecode.swift; path = ExampleVideoRender.swift; sourceTree = "<group>"; };
		F854D8F420D00E580000AB67 /* EAGLVideoRenderer.swift */ = {isa = PBXFileReference; lastKnownFileType = sourcecode.swift; path = EAGLVideoRenderer.swift; sourceTree = "<group>"; };
		F89AFC4420CFC8260016C510 /* SubscriberViewController.swift */ = {isa = PBXFileReference; lastKnownFileType = sourcecode.swift; path = SubscriberViewController.swift; sourceTree = "<group>"; };
		F89AFC4620CFC8C90016C510 /* OTConstants.swift */ = {isa = PBXFileReference; lastKnownFileType = sourcecode.swift; path = OTConstants.swift; sourceTree = "<group>"; };
/* End PBXFileReference section */

/* Begin PBXFrameworksBuildPhase section */
		F8266FE920B7067C00A0EB14 /* Frameworks */ = {
			isa = PBXFrameworksBuildPhase;
			buildActionMask = 2147483647;
			files = (
				5721528C303C418919B629D3 /* Pods_ARFrameMetadata.framework in Frameworks */,
			);
			runOnlyForDeploymentPostprocessing = 0;
		};
/* End PBXFrameworksBuildPhase section */

/* Begin PBXGroup section */
		016B9186621633B07CBCB0FF /* Frameworks */ = {
			isa = PBXGroup;
			children = (
				8A9DFA40B96125B132FB339D /* Pods_ARFrameMetadata.framework */,
			);
			name = Frameworks;
			sourceTree = "<group>";
		};
		A8EE2CA400D00F31AA006BCD /* Pods */ = {
			isa = PBXGroup;
			children = (
				4950D2BF46DB95C0D64715E9 /* Pods-ARFrameMetadata.debug.xcconfig */,
				432955DF364CFA36AF061480 /* Pods-ARFrameMetadata.release.xcconfig */,
			);
			name = Pods;
			sourceTree = "<group>";
		};
		F8266FE320B7067C00A0EB14 = {
			isa = PBXGroup;
			children = (
				F8266FEE20B7067C00A0EB14 /* ARFrameMetadata */,
				F8266FED20B7067C00A0EB14 /* Products */,
				A8EE2CA400D00F31AA006BCD /* Pods */,
				016B9186621633B07CBCB0FF /* Frameworks */,
			);
			sourceTree = "<group>";
		};
		F8266FED20B7067C00A0EB14 /* Products */ = {
			isa = PBXGroup;
			children = (
				F8266FEC20B7067C00A0EB14 /* ARFrameMetadata.app */,
			);
			name = Products;
			sourceTree = "<group>";
		};
		F8266FEE20B7067C00A0EB14 /* ARFrameMetadata */ = {
			isa = PBXGroup;
			children = (
				F8266FEF20B7067C00A0EB14 /* AppDelegate.swift */,
				F8266FF120B7067D00A0EB14 /* art.scnassets */,
				F8266FF520B7067D00A0EB14 /* Main.storyboard */,
				F8266FF820B7067E00A0EB14 /* Assets.xcassets */,
				F8266FFA20B7067E00A0EB14 /* LaunchScreen.storyboard */,
				F8266FFD20B7067E00A0EB14 /* Info.plist */,
				F826700520B714E300A0EB14 /* AROpentokVideoCapturer.swift */,
				F8266FF320B7067D00A0EB14 /* PublisherViewController.swift */,
				F89AFC4420CFC8260016C510 /* SubscriberViewController.swift */,
				F89AFC4620CFC8C90016C510 /* OTConstants.swift */,
				F854D8F020CFDD250000AB67 /* Data+fromArray.swift */,
				F854D8F220D00E220000AB67 /* ExampleVideoRender.swift */,
				F854D8F420D00E580000AB67 /* EAGLVideoRenderer.swift */,
			);
			path = ARFrameMetadata;
			sourceTree = "<group>";
		};
/* End PBXGroup section */

/* Begin PBXNativeTarget section */
		F8266FEB20B7067C00A0EB14 /* ARFrameMetadata */ = {
			isa = PBXNativeTarget;
			buildConfigurationList = F826700020B7067E00A0EB14 /* Build configuration list for PBXNativeTarget "ARFrameMetadata" */;
			buildPhases = (
				DF3ED35F276FB73F3A663AD1 /* [CP] Check Pods Manifest.lock */,
				F8266FE820B7067C00A0EB14 /* Sources */,
				F8266FE920B7067C00A0EB14 /* Frameworks */,
				F8266FEA20B7067C00A0EB14 /* Resources */,
				F8ABFA8012919F8CB3C7F1C4 /* [CP] Embed Pods Frameworks */,
				3B2BDAA576D5256AF413072B /* [CP] Copy Pods Resources */,
			);
			buildRules = (
			);
			dependencies = (
			);
			name = ARFrameMetadata;
			productName = ARFrameMetadata;
			productReference = F8266FEC20B7067C00A0EB14 /* ARFrameMetadata.app */;
			productType = "com.apple.product-type.application";
		};
/* End PBXNativeTarget section */

/* Begin PBXProject section */
		F8266FE420B7067C00A0EB14 /* Project object */ = {
			isa = PBXProject;
			attributes = {
				LastSwiftUpdateCheck = 0930;
				LastUpgradeCheck = 0930;
				ORGANIZATIONNAME = tokbox;
				TargetAttributes = {
					F8266FEB20B7067C00A0EB14 = {
						CreatedOnToolsVersion = 9.3.1;
					};
				};
			};
			buildConfigurationList = F8266FE720B7067C00A0EB14 /* Build configuration list for PBXProject "ARFrameMetadata" */;
			compatibilityVersion = "Xcode 9.3";
			developmentRegion = en;
			hasScannedForEncodings = 0;
			knownRegions = (
				en,
				Base,
			);
			mainGroup = F8266FE320B7067C00A0EB14;
			productRefGroup = F8266FED20B7067C00A0EB14 /* Products */;
			projectDirPath = "";
			projectRoot = "";
			targets = (
				F8266FEB20B7067C00A0EB14 /* ARFrameMetadata */,
			);
		};
/* End PBXProject section */

/* Begin PBXResourcesBuildPhase section */
		F8266FEA20B7067C00A0EB14 /* Resources */ = {
			isa = PBXResourcesBuildPhase;
			buildActionMask = 2147483647;
			files = (
				F8266FF220B7067D00A0EB14 /* art.scnassets in Resources */,
				F8266FFC20B7067E00A0EB14 /* LaunchScreen.storyboard in Resources */,
				F8266FF920B7067E00A0EB14 /* Assets.xcassets in Resources */,
				F8266FF720B7067D00A0EB14 /* Main.storyboard in Resources */,
			);
			runOnlyForDeploymentPostprocessing = 0;
		};
/* End PBXResourcesBuildPhase section */

/* Begin PBXShellScriptBuildPhase section */
		3B2BDAA576D5256AF413072B /* [CP] Copy Pods Resources */ = {
			isa = PBXShellScriptBuildPhase;
			buildActionMask = 2147483647;
			files = (
			);
			inputPaths = (
			);
			name = "[CP] Copy Pods Resources";
			outputPaths = (
			);
			runOnlyForDeploymentPostprocessing = 0;
			shellPath = /bin/sh;
			shellScript = "\"${SRCROOT}/Pods/Target Support Files/Pods-ARFrameMetadata/Pods-ARFrameMetadata-resources.sh\"\n";
			showEnvVarsInLog = 0;
		};
		DF3ED35F276FB73F3A663AD1 /* [CP] Check Pods Manifest.lock */ = {
			isa = PBXShellScriptBuildPhase;
			buildActionMask = 2147483647;
			files = (
			);
			inputPaths = (
				"${PODS_PODFILE_DIR_PATH}/Podfile.lock",
				"${PODS_ROOT}/Manifest.lock",
			);
			name = "[CP] Check Pods Manifest.lock";
			outputPaths = (
				"$(DERIVED_FILE_DIR)/Pods-ARFrameMetadata-checkManifestLockResult.txt",
			);
			runOnlyForDeploymentPostprocessing = 0;
			shellPath = /bin/sh;
			shellScript = "diff \"${PODS_PODFILE_DIR_PATH}/Podfile.lock\" \"${PODS_ROOT}/Manifest.lock\" > /dev/null\nif [ $? != 0 ] ; then\n    # print error to STDERR\n    echo \"error: The sandbox is not in sync with the Podfile.lock. Run 'pod install' or update your CocoaPods installation.\" >&2\n    exit 1\nfi\n# This output is used by Xcode 'outputs' to avoid re-running this script phase.\necho \"SUCCESS\" > \"${SCRIPT_OUTPUT_FILE_0}\"\n";
			showEnvVarsInLog = 0;
		};
		F8ABFA8012919F8CB3C7F1C4 /* [CP] Embed Pods Frameworks */ = {
			isa = PBXShellScriptBuildPhase;
			buildActionMask = 2147483647;
			files = (
			);
			inputPaths = (
			);
			name = "[CP] Embed Pods Frameworks";
			outputPaths = (
			);
			runOnlyForDeploymentPostprocessing = 0;
			shellPath = /bin/sh;
			shellScript = "\"${SRCROOT}/Pods/Target Support Files/Pods-ARFrameMetadata/Pods-ARFrameMetadata-frameworks.sh\"\n";
			showEnvVarsInLog = 0;
		};
/* End PBXShellScriptBuildPhase section */

/* Begin PBXSourcesBuildPhase section */
		F8266FE820B7067C00A0EB14 /* Sources */ = {
			isa = PBXSourcesBuildPhase;
			buildActionMask = 2147483647;
			files = (
				F89AFC4720CFC8C90016C510 /* OTConstants.swift in Sources */,
				F854D8F520D00E580000AB67 /* EAGLVideoRenderer.swift in Sources */,
				F826700620B714E300A0EB14 /* AROpentokVideoCapturer.swift in Sources */,
				F8266FF420B7067D00A0EB14 /* PublisherViewController.swift in Sources */,
				F8266FF020B7067C00A0EB14 /* AppDelegate.swift in Sources */,
				F89AFC4520CFC8260016C510 /* SubscriberViewController.swift in Sources */,
				F854D8F320D00E220000AB67 /* ExampleVideoRender.swift in Sources */,
				F854D8F120CFDD250000AB67 /* Data+fromArray.swift in Sources */,
			);
			runOnlyForDeploymentPostprocessing = 0;
		};
/* End PBXSourcesBuildPhase section */

/* Begin PBXVariantGroup section */
		F8266FF520B7067D00A0EB14 /* Main.storyboard */ = {
			isa = PBXVariantGroup;
			children = (
				F8266FF620B7067D00A0EB14 /* Base */,
			);
			name = Main.storyboard;
			sourceTree = "<group>";
		};
		F8266FFA20B7067E00A0EB14 /* LaunchScreen.storyboard */ = {
			isa = PBXVariantGroup;
			children = (
				F8266FFB20B7067E00A0EB14 /* Base */,
			);
			name = LaunchScreen.storyboard;
			sourceTree = "<group>";
		};
/* End PBXVariantGroup section */

/* Begin XCBuildConfiguration section */
		F8266FFE20B7067E00A0EB14 /* Debug */ = {
			isa = XCBuildConfiguration;
			buildSettings = {
				ALWAYS_SEARCH_USER_PATHS = NO;
				CLANG_ANALYZER_NONNULL = YES;
				CLANG_ANALYZER_NUMBER_OBJECT_CONVERSION = YES_AGGRESSIVE;
				CLANG_CXX_LANGUAGE_STANDARD = "gnu++14";
				CLANG_CXX_LIBRARY = "libc++";
				CLANG_ENABLE_MODULES = YES;
				CLANG_ENABLE_OBJC_ARC = YES;
				CLANG_ENABLE_OBJC_WEAK = YES;
				CLANG_WARN_BLOCK_CAPTURE_AUTORELEASING = YES;
				CLANG_WARN_BOOL_CONVERSION = YES;
				CLANG_WARN_COMMA = YES;
				CLANG_WARN_CONSTANT_CONVERSION = YES;
				CLANG_WARN_DEPRECATED_OBJC_IMPLEMENTATIONS = YES;
				CLANG_WARN_DIRECT_OBJC_ISA_USAGE = YES_ERROR;
				CLANG_WARN_DOCUMENTATION_COMMENTS = YES;
				CLANG_WARN_EMPTY_BODY = YES;
				CLANG_WARN_ENUM_CONVERSION = YES;
				CLANG_WARN_INFINITE_RECURSION = YES;
				CLANG_WARN_INT_CONVERSION = YES;
				CLANG_WARN_NON_LITERAL_NULL_CONVERSION = YES;
				CLANG_WARN_OBJC_IMPLICIT_RETAIN_SELF = YES;
				CLANG_WARN_OBJC_LITERAL_CONVERSION = YES;
				CLANG_WARN_OBJC_ROOT_CLASS = YES_ERROR;
				CLANG_WARN_RANGE_LOOP_ANALYSIS = YES;
				CLANG_WARN_STRICT_PROTOTYPES = YES;
				CLANG_WARN_SUSPICIOUS_MOVE = YES;
				CLANG_WARN_UNGUARDED_AVAILABILITY = YES_AGGRESSIVE;
				CLANG_WARN_UNREACHABLE_CODE = YES;
				CLANG_WARN__DUPLICATE_METHOD_MATCH = YES;
				CODE_SIGN_IDENTITY = "iPhone Developer";
				COPY_PHASE_STRIP = NO;
				DEBUG_INFORMATION_FORMAT = dwarf;
				ENABLE_STRICT_OBJC_MSGSEND = YES;
				ENABLE_TESTABILITY = YES;
				GCC_C_LANGUAGE_STANDARD = gnu11;
				GCC_DYNAMIC_NO_PIC = NO;
				GCC_NO_COMMON_BLOCKS = YES;
				GCC_OPTIMIZATION_LEVEL = 0;
				GCC_PREPROCESSOR_DEFINITIONS = (
					"DEBUG=1",
					"$(inherited)",
				);
				GCC_WARN_64_TO_32_BIT_CONVERSION = YES;
				GCC_WARN_ABOUT_RETURN_TYPE = YES_ERROR;
				GCC_WARN_UNDECLARED_SELECTOR = YES;
				GCC_WARN_UNINITIALIZED_AUTOS = YES_AGGRESSIVE;
				GCC_WARN_UNUSED_FUNCTION = YES;
				GCC_WARN_UNUSED_VARIABLE = YES;
				IPHONEOS_DEPLOYMENT_TARGET = 11.3;
				MTL_ENABLE_DEBUG_INFO = YES;
				ONLY_ACTIVE_ARCH = YES;
				SDKROOT = iphoneos;
				SWIFT_ACTIVE_COMPILATION_CONDITIONS = DEBUG;
				SWIFT_OPTIMIZATION_LEVEL = "-Onone";
			};
			name = Debug;
		};
		F8266FFF20B7067E00A0EB14 /* Release */ = {
			isa = XCBuildConfiguration;
			buildSettings = {
				ALWAYS_SEARCH_USER_PATHS = NO;
				CLANG_ANALYZER_NONNULL = YES;
				CLANG_ANALYZER_NUMBER_OBJECT_CONVERSION = YES_AGGRESSIVE;
				CLANG_CXX_LANGUAGE_STANDARD = "gnu++14";
				CLANG_CXX_LIBRARY = "libc++";
				CLANG_ENABLE_MODULES = YES;
				CLANG_ENABLE_OBJC_ARC = YES;
				CLANG_ENABLE_OBJC_WEAK = YES;
				CLANG_WARN_BLOCK_CAPTURE_AUTORELEASING = YES;
				CLANG_WARN_BOOL_CONVERSION = YES;
				CLANG_WARN_COMMA = YES;
				CLANG_WARN_CONSTANT_CONVERSION = YES;
				CLANG_WARN_DEPRECATED_OBJC_IMPLEMENTATIONS = YES;
				CLANG_WARN_DIRECT_OBJC_ISA_USAGE = YES_ERROR;
				CLANG_WARN_DOCUMENTATION_COMMENTS = YES;
				CLANG_WARN_EMPTY_BODY = YES;
				CLANG_WARN_ENUM_CONVERSION = YES;
				CLANG_WARN_INFINITE_RECURSION = YES;
				CLANG_WARN_INT_CONVERSION = YES;
				CLANG_WARN_NON_LITERAL_NULL_CONVERSION = YES;
				CLANG_WARN_OBJC_IMPLICIT_RETAIN_SELF = YES;
				CLANG_WARN_OBJC_LITERAL_CONVERSION = YES;
				CLANG_WARN_OBJC_ROOT_CLASS = YES_ERROR;
				CLANG_WARN_RANGE_LOOP_ANALYSIS = YES;
				CLANG_WARN_STRICT_PROTOTYPES = YES;
				CLANG_WARN_SUSPICIOUS_MOVE = YES;
				CLANG_WARN_UNGUARDED_AVAILABILITY = YES_AGGRESSIVE;
				CLANG_WARN_UNREACHABLE_CODE = YES;
				CLANG_WARN__DUPLICATE_METHOD_MATCH = YES;
				CODE_SIGN_IDENTITY = "iPhone Developer";
				COPY_PHASE_STRIP = NO;
				DEBUG_INFORMATION_FORMAT = "dwarf-with-dsym";
				ENABLE_NS_ASSERTIONS = NO;
				ENABLE_STRICT_OBJC_MSGSEND = YES;
				GCC_C_LANGUAGE_STANDARD = gnu11;
				GCC_NO_COMMON_BLOCKS = YES;
				GCC_WARN_64_TO_32_BIT_CONVERSION = YES;
				GCC_WARN_ABOUT_RETURN_TYPE = YES_ERROR;
				GCC_WARN_UNDECLARED_SELECTOR = YES;
				GCC_WARN_UNINITIALIZED_AUTOS = YES_AGGRESSIVE;
				GCC_WARN_UNUSED_FUNCTION = YES;
				GCC_WARN_UNUSED_VARIABLE = YES;
				IPHONEOS_DEPLOYMENT_TARGET = 11.3;
				MTL_ENABLE_DEBUG_INFO = NO;
				SDKROOT = iphoneos;
				SWIFT_COMPILATION_MODE = wholemodule;
				SWIFT_OPTIMIZATION_LEVEL = "-O";
				VALIDATE_PRODUCT = YES;
			};
			name = Release;
		};
		F826700120B7067E00A0EB14 /* Debug */ = {
			isa = XCBuildConfiguration;
			baseConfigurationReference = 4950D2BF46DB95C0D64715E9 /* Pods-ARFrameMetadata.debug.xcconfig */;
			buildSettings = {
				ASSETCATALOG_COMPILER_APPICON_NAME = AppIcon;
				CODE_SIGN_STYLE = Manual;
				DEVELOPMENT_TEAM = MGD69Q275W;
				INFOPLIST_FILE = ARFrameMetadata/Info.plist;
				LD_RUNPATH_SEARCH_PATHS = (
					"$(inherited)",
					"@executable_path/Frameworks",
				);
				PRODUCT_BUNDLE_IDENTIFIER = com.tokbox.ARFrameMetadata;
				PRODUCT_NAME = "$(TARGET_NAME)";
				PROVISIONING_PROFILE = "52aec665-0573-461d-8802-5aac83743da5";
				PROVISIONING_PROFILE_SPECIFIER = "RPC Dev";
				SWIFT_VERSION = 4.0;
				TARGETED_DEVICE_FAMILY = "1,2";
			};
			name = Debug;
		};
		F826700220B7067E00A0EB14 /* Release */ = {
			isa = XCBuildConfiguration;
			baseConfigurationReference = 432955DF364CFA36AF061480 /* Pods-ARFrameMetadata.release.xcconfig */;
			buildSettings = {
				ASSETCATALOG_COMPILER_APPICON_NAME = AppIcon;
				CODE_SIGN_STYLE = Manual;
				DEVELOPMENT_TEAM = "";
				INFOPLIST_FILE = ARFrameMetadata/Info.plist;
				LD_RUNPATH_SEARCH_PATHS = (
					"$(inherited)",
					"@executable_path/Frameworks",
				);
				PRODUCT_BUNDLE_IDENTIFIER = com.tokbox.ARFrameMetadata;
				PRODUCT_NAME = "$(TARGET_NAME)";
				PROVISIONING_PROFILE_SPECIFIER = "";
				SWIFT_VERSION = 4.0;
				TARGETED_DEVICE_FAMILY = "1,2";
			};
			name = Release;
		};
/* End XCBuildConfiguration section */

/* Begin XCConfigurationList section */
		F8266FE720B7067C00A0EB14 /* Build configuration list for PBXProject "ARFrameMetadata" */ = {
			isa = XCConfigurationList;
			buildConfigurations = (
				F8266FFE20B7067E00A0EB14 /* Debug */,
				F8266FFF20B7067E00A0EB14 /* Release */,
			);
			defaultConfigurationIsVisible = 0;
			defaultConfigurationName = Release;
		};
		F826700020B7067E00A0EB14 /* Build configuration list for PBXNativeTarget "ARFrameMetadata" */ = {
			isa = XCConfigurationList;
			buildConfigurations = (
				F826700120B7067E00A0EB14 /* Debug */,
				F826700220B7067E00A0EB14 /* Release */,
			);
			defaultConfigurationIsVisible = 0;
			defaultConfigurationName = Release;
		};
/* End XCConfigurationList section */
	};
	rootObject = F8266FE420B7067C00A0EB14 /* Project object */;
}
